
Microsoft Visual Studio Solution File, Format Version 12.00
# Visual Studio 15
VisualStudioVersion = 15.0.28307.539
MinimumVisualStudioVersion = 10.0.40219.1
Project("{FAE04EC0-301F-11D3-BF4B-00C04F79EFBC}") = "NPVCalculator", "NPVCalculator\NPVCalculator.csproj", "{4BC42B13-998C-4949-A73E-87AEEA954433}"
EndProject
Global
	GlobalSection(SolutionConfigurationPlatforms) = preSolution
		Debug|Any CPU = Debug|Any CPU
		Release|Any CPU = Release|Any CPU
	EndGlobalSection
	GlobalSection(ProjectConfigurationPlatforms) = postSolution
		{4BC42B13-998C-4949-A73E-87AEEA954433}.Debug|Any CPU.ActiveCfg = Debug|Any CPU
		{4BC42B13-998C-4949-A73E-87AEEA954433}.Debug|Any CPU.Build.0 = Debug|Any CPU
		{4BC42B13-998C-4949-A73E-87AEEA954433}.Release|Any CPU.ActiveCfg = Release|Any CPU
		{4BC42B13-998C-4949-A73E-87AEEA954433}.Release|Any CPU.Build.0 = Release|Any CPU
	EndGlobalSection
	GlobalSection(SolutionProperties) = preSolution
		HideSolutionNode = FALSE
	EndGlobalSection
	GlobalSection(ExtensibilityGlobals) = postSolution
		SolutionGuid = {99D38BCA-3E8B-479A-A996-141B01556E5E}
	EndGlobalSection
EndGlobal
